
Microsoft Visual Studio Solution File, Format Version 12.00
# Visual Studio Version 17
VisualStudioVersion = 17.10.35122.118
MinimumVisualStudioVersion = 10.0.40219.1
Project("{9A19103F-16F7-4668-BE54-9A1E7A4F7556}") = "APIMarvel", "APIMarvel.csproj", "{98697C12-4E6F-4DD6-B38E-3F54702DCCDE}"
EndProject
Global
	GlobalSection(SolutionConfigurationPlatforms) = preSolution
		Debug|Any CPU = Debug|Any CPU
		Release|Any CPU = Release|Any CPU
	EndGlobalSection
	GlobalSection(ProjectConfigurationPlatforms) = postSolution
		{98697C12-4E6F-4DD6-B38E-3F54702DCCDE}.Debug|Any CPU.ActiveCfg = Debug|Any CPU
		{98697C12-4E6F-4DD6-B38E-3F54702DCCDE}.Debug|Any CPU.Build.0 = Debug|Any CPU
		{98697C12-4E6F-4DD6-B38E-3F54702DCCDE}.Release|Any CPU.ActiveCfg = Release|Any CPU
		{98697C12-4E6F-4DD6-B38E-3F54702DCCDE}.Release|Any CPU.Build.0 = Release|Any CPU
	EndGlobalSection
	GlobalSection(SolutionProperties) = preSolution
		HideSolutionNode = FALSE
	EndGlobalSection
	GlobalSection(ExtensibilityGlobals) = postSolution
		SolutionGuid = {E9A32F54-EDC5-4D35-A0EC-24EF49B963B9}
	EndGlobalSection
EndGlobal
